
Microsoft Visual Studio Solution File, Format Version 12.00
# Visual Studio 15
VisualStudioVersion = 15.0.27703.2000
MinimumVisualStudioVersion = 10.0.40219.1
Project("{FAE04EC0-301F-11D3-BF4B-00C04F79EFBC}") = "Sum", "Sum\Sum.csproj", "{A9686C0A-5CC4-4A53-8737-37B10BF9625E}"
EndProject
Project("{FAE04EC0-301F-11D3-BF4B-00C04F79EFBC}") = "ClassLibrary1", "ClassLibrary1\ClassLibrary1.csproj", "{A84301C4-2133-4986-8DBA-F64EFE378A10}"
EndProject
Global
	GlobalSection(SolutionConfigurationPlatforms) = preSolution
		Debug|Any CPU = Debug|Any CPU
		Release|Any CPU = Release|Any CPU
	EndGlobalSection
	GlobalSection(ProjectConfigurationPlatforms) = postSolution
		{A9686C0A-5CC4-4A53-8737-37B10BF9625E}.Debug|Any CPU.ActiveCfg = Debug|Any CPU
		{A9686C0A-5CC4-4A53-8737-37B10BF9625E}.Debug|Any CPU.Build.0 = Debug|Any CPU
		{A9686C0A-5CC4-4A53-8737-37B10BF9625E}.Release|Any CPU.ActiveCfg = Release|Any CPU
		{A9686C0A-5CC4-4A53-8737-37B10BF9625E}.Release|Any CPU.Build.0 = Release|Any CPU
		{A84301C4-2133-4986-8DBA-F64EFE378A10}.Debug|Any CPU.ActiveCfg = Debug|Any CPU
		{A84301C4-2133-4986-8DBA-F64EFE378A10}.Debug|Any CPU.Build.0 = Debug|Any CPU
		{A84301C4-2133-4986-8DBA-F64EFE378A10}.Release|Any CPU.ActiveCfg = Release|Any CPU
		{A84301C4-2133-4986-8DBA-F64EFE378A10}.Release|Any CPU.Build.0 = Release|Any CPU
	EndGlobalSection
	GlobalSection(SolutionProperties) = preSolution
		HideSolutionNode = FALSE
	EndGlobalSection
	GlobalSection(ExtensibilityGlobals) = postSolution
		SolutionGuid = {FF3DF7FF-C671-4DBD-9514-39B65D53DC1B}
	EndGlobalSection
EndGlobal
