
Microsoft Visual Studio Solution File, Format Version 12.00
# Visual Studio 15
VisualStudioVersion = 15.0.27703.2000
MinimumVisualStudioVersion = 10.0.40219.1
Project("{FAE04EC0-301F-11D3-BF4B-00C04F79EFBC}") = "27 - FizzBuzz", "27 - FizzBuzz\27 - FizzBuzz.csproj", "{531E52BA-0B8F-4925-959D-2A2C00EEE9A2}"
EndProject
Global
	GlobalSection(SolutionConfigurationPlatforms) = preSolution
		Debug|Any CPU = Debug|Any CPU
		Release|Any CPU = Release|Any CPU
	EndGlobalSection
	GlobalSection(ProjectConfigurationPlatforms) = postSolution
		{531E52BA-0B8F-4925-959D-2A2C00EEE9A2}.Debug|Any CPU.ActiveCfg = Debug|Any CPU
		{531E52BA-0B8F-4925-959D-2A2C00EEE9A2}.Debug|Any CPU.Build.0 = Debug|Any CPU
		{531E52BA-0B8F-4925-959D-2A2C00EEE9A2}.Release|Any CPU.ActiveCfg = Release|Any CPU
		{531E52BA-0B8F-4925-959D-2A2C00EEE9A2}.Release|Any CPU.Build.0 = Release|Any CPU
	EndGlobalSection
	GlobalSection(SolutionProperties) = preSolution
		HideSolutionNode = FALSE
	EndGlobalSection
	GlobalSection(ExtensibilityGlobals) = postSolution
		SolutionGuid = {3FF19BB2-87AD-4DA2-9813-D53297947948}
	EndGlobalSection
EndGlobal
