
Microsoft Visual Studio Solution File, Format Version 12.00
# Visual Studio 15
VisualStudioVersion = 15.0.27703.2000
MinimumVisualStudioVersion = 10.0.40219.1
Project("{FAE04EC0-301F-11D3-BF4B-00C04F79EFBC}") = "03-Diagonals", "03-Diagonals\03-Diagonals.csproj", "{75B6BCA4-15B3-494A-8365-9A51C69AB374}"
EndProject
Global
	GlobalSection(SolutionConfigurationPlatforms) = preSolution
		Debug|Any CPU = Debug|Any CPU
		Release|Any CPU = Release|Any CPU
	EndGlobalSection
	GlobalSection(ProjectConfigurationPlatforms) = postSolution
		{75B6BCA4-15B3-494A-8365-9A51C69AB374}.Debug|Any CPU.ActiveCfg = Debug|Any CPU
		{75B6BCA4-15B3-494A-8365-9A51C69AB374}.Debug|Any CPU.Build.0 = Debug|Any CPU
		{75B6BCA4-15B3-494A-8365-9A51C69AB374}.Release|Any CPU.ActiveCfg = Release|Any CPU
		{75B6BCA4-15B3-494A-8365-9A51C69AB374}.Release|Any CPU.Build.0 = Release|Any CPU
	EndGlobalSection
	GlobalSection(SolutionProperties) = preSolution
		HideSolutionNode = FALSE
	EndGlobalSection
	GlobalSection(ExtensibilityGlobals) = postSolution
		SolutionGuid = {EBCDD893-991A-453D-8CE3-E1B552588545}
	EndGlobalSection
EndGlobal
