
Microsoft Visual Studio Solution File, Format Version 12.00
# Visual Studio 15
VisualStudioVersion = 15.0.27703.2000
MinimumVisualStudioVersion = 10.0.40219.1
Project("{FAE04EC0-301F-11D3-BF4B-00C04F79EFBC}") = "02-BlogPost", "02-BlogPost\02-BlogPost.csproj", "{4435CB9A-3C14-403C-9DC0-EC9E40245654}"
EndProject
Global
	GlobalSection(SolutionConfigurationPlatforms) = preSolution
		Debug|Any CPU = Debug|Any CPU
		Release|Any CPU = Release|Any CPU
	EndGlobalSection
	GlobalSection(ProjectConfigurationPlatforms) = postSolution
		{4435CB9A-3C14-403C-9DC0-EC9E40245654}.Debug|Any CPU.ActiveCfg = Debug|Any CPU
		{4435CB9A-3C14-403C-9DC0-EC9E40245654}.Debug|Any CPU.Build.0 = Debug|Any CPU
		{4435CB9A-3C14-403C-9DC0-EC9E40245654}.Release|Any CPU.ActiveCfg = Release|Any CPU
		{4435CB9A-3C14-403C-9DC0-EC9E40245654}.Release|Any CPU.Build.0 = Release|Any CPU
	EndGlobalSection
	GlobalSection(SolutionProperties) = preSolution
		HideSolutionNode = FALSE
	EndGlobalSection
	GlobalSection(ExtensibilityGlobals) = postSolution
		SolutionGuid = {A6A54E53-6867-44DD-8F25-48233A33BD5A}
	EndGlobalSection
EndGlobal
