
Microsoft Visual Studio Solution File, Format Version 12.00
# Visual Studio 15
VisualStudioVersion = 15.0.27703.2000
MinimumVisualStudioVersion = 10.0.40219.1
Project("{FAE04EC0-301F-11D3-BF4B-00C04F79EFBC}") = "08-PositionSquare", "08-PositionSquare\08-PositionSquare.csproj", "{FFBDD5FB-C6A0-4CEF-8C54-2033D4DB0C0B}"
EndProject
Global
	GlobalSection(SolutionConfigurationPlatforms) = preSolution
		Debug|Any CPU = Debug|Any CPU
		Release|Any CPU = Release|Any CPU
	EndGlobalSection
	GlobalSection(ProjectConfigurationPlatforms) = postSolution
		{FFBDD5FB-C6A0-4CEF-8C54-2033D4DB0C0B}.Debug|Any CPU.ActiveCfg = Debug|Any CPU
		{FFBDD5FB-C6A0-4CEF-8C54-2033D4DB0C0B}.Debug|Any CPU.Build.0 = Debug|Any CPU
		{FFBDD5FB-C6A0-4CEF-8C54-2033D4DB0C0B}.Release|Any CPU.ActiveCfg = Release|Any CPU
		{FFBDD5FB-C6A0-4CEF-8C54-2033D4DB0C0B}.Release|Any CPU.Build.0 = Release|Any CPU
	EndGlobalSection
	GlobalSection(SolutionProperties) = preSolution
		HideSolutionNode = FALSE
	EndGlobalSection
	GlobalSection(ExtensibilityGlobals) = postSolution
		SolutionGuid = {A6E799A3-3093-464F-9DBB-AD7746D6C0E6}
	EndGlobalSection
EndGlobal
