
Microsoft Visual Studio Solution File, Format Version 12.00
# Visual Studio 15
VisualStudioVersion = 15.0.27703.2000
MinimumVisualStudioVersion = 10.0.40219.1
Project("{FAE04EC0-301F-11D3-BF4B-00C04F79EFBC}") = "07-TeacherStudent", "07-TeacherStudent\07-TeacherStudent.csproj", "{76F5EDC8-92A4-429B-BAAC-513C8D867D8C}"
EndProject
Global
	GlobalSection(SolutionConfigurationPlatforms) = preSolution
		Debug|Any CPU = Debug|Any CPU
		Release|Any CPU = Release|Any CPU
	EndGlobalSection
	GlobalSection(ProjectConfigurationPlatforms) = postSolution
		{76F5EDC8-92A4-429B-BAAC-513C8D867D8C}.Debug|Any CPU.ActiveCfg = Debug|Any CPU
		{76F5EDC8-92A4-429B-BAAC-513C8D867D8C}.Debug|Any CPU.Build.0 = Debug|Any CPU
		{76F5EDC8-92A4-429B-BAAC-513C8D867D8C}.Release|Any CPU.ActiveCfg = Release|Any CPU
		{76F5EDC8-92A4-429B-BAAC-513C8D867D8C}.Release|Any CPU.Build.0 = Release|Any CPU
	EndGlobalSection
	GlobalSection(SolutionProperties) = preSolution
		HideSolutionNode = FALSE
	EndGlobalSection
	GlobalSection(ExtensibilityGlobals) = postSolution
		SolutionGuid = {C0C8BD15-E082-4755-9959-790E08BF6704}
	EndGlobalSection
EndGlobal
