
Microsoft Visual Studio Solution File, Format Version 12.00
# Visual Studio 15
VisualStudioVersion = 15.0.27703.2000
MinimumVisualStudioVersion = 10.0.40219.1
Project("{FAE04EC0-301F-11D3-BF4B-00C04F79EFBC}") = "CorsacRetake", "CorsacRetake\CorsacRetake.csproj", "{D38A79C0-B4BF-412A-A9A0-D20986918103}"
EndProject
Global
	GlobalSection(SolutionConfigurationPlatforms) = preSolution
		Debug|Any CPU = Debug|Any CPU
		Release|Any CPU = Release|Any CPU
	EndGlobalSection
	GlobalSection(ProjectConfigurationPlatforms) = postSolution
		{D38A79C0-B4BF-412A-A9A0-D20986918103}.Debug|Any CPU.ActiveCfg = Debug|Any CPU
		{D38A79C0-B4BF-412A-A9A0-D20986918103}.Debug|Any CPU.Build.0 = Debug|Any CPU
		{D38A79C0-B4BF-412A-A9A0-D20986918103}.Release|Any CPU.ActiveCfg = Release|Any CPU
		{D38A79C0-B4BF-412A-A9A0-D20986918103}.Release|Any CPU.Build.0 = Release|Any CPU
	EndGlobalSection
	GlobalSection(SolutionProperties) = preSolution
		HideSolutionNode = FALSE
	EndGlobalSection
	GlobalSection(ExtensibilityGlobals) = postSolution
		SolutionGuid = {84EE2089-E23C-4B13-92FB-7032EAD2384D}
	EndGlobalSection
EndGlobal
