
Microsoft Visual Studio Solution File, Format Version 12.00
# Visual Studio 15
VisualStudioVersion = 15.0.27703.2000
MinimumVisualStudioVersion = 10.0.40219.1
Project("{FAE04EC0-301F-11D3-BF4B-00C04F79EFBC}") = "CharFreq", "CharFreq\CharFreq.csproj", "{B630908E-FE6E-4E01-9854-69A7D2CE3884}"
EndProject
Global
	GlobalSection(SolutionConfigurationPlatforms) = preSolution
		Debug|Any CPU = Debug|Any CPU
		Release|Any CPU = Release|Any CPU
	EndGlobalSection
	GlobalSection(ProjectConfigurationPlatforms) = postSolution
		{B630908E-FE6E-4E01-9854-69A7D2CE3884}.Debug|Any CPU.ActiveCfg = Debug|Any CPU
		{B630908E-FE6E-4E01-9854-69A7D2CE3884}.Debug|Any CPU.Build.0 = Debug|Any CPU
		{B630908E-FE6E-4E01-9854-69A7D2CE3884}.Release|Any CPU.ActiveCfg = Release|Any CPU
		{B630908E-FE6E-4E01-9854-69A7D2CE3884}.Release|Any CPU.Build.0 = Release|Any CPU
	EndGlobalSection
	GlobalSection(SolutionProperties) = preSolution
		HideSolutionNode = FALSE
	EndGlobalSection
	GlobalSection(ExtensibilityGlobals) = postSolution
		SolutionGuid = {12747557-F3C0-469F-A0C8-211565A3558E}
	EndGlobalSection
EndGlobal
