
Microsoft Visual Studio Solution File, Format Version 12.00
# Visual Studio 15
VisualStudioVersion = 15.0.27703.2000
MinimumVisualStudioVersion = 10.0.40219.1
Project("{FAE04EC0-301F-11D3-BF4B-00C04F79EFBC}") = "25 - MultiplicationTable", "25 - MultiplicationTable\25 - MultiplicationTable.csproj", "{A7A73B4D-3179-42AF-9D90-0E0311108241}"
EndProject
Global
	GlobalSection(SolutionConfigurationPlatforms) = preSolution
		Debug|Any CPU = Debug|Any CPU
		Release|Any CPU = Release|Any CPU
	EndGlobalSection
	GlobalSection(ProjectConfigurationPlatforms) = postSolution
		{A7A73B4D-3179-42AF-9D90-0E0311108241}.Debug|Any CPU.ActiveCfg = Debug|Any CPU
		{A7A73B4D-3179-42AF-9D90-0E0311108241}.Debug|Any CPU.Build.0 = Debug|Any CPU
		{A7A73B4D-3179-42AF-9D90-0E0311108241}.Release|Any CPU.ActiveCfg = Release|Any CPU
		{A7A73B4D-3179-42AF-9D90-0E0311108241}.Release|Any CPU.Build.0 = Release|Any CPU
	EndGlobalSection
	GlobalSection(SolutionProperties) = preSolution
		HideSolutionNode = FALSE
	EndGlobalSection
	GlobalSection(ExtensibilityGlobals) = postSolution
		SolutionGuid = {BBC8E9A4-CF46-433F-B3D3-A6F03D84D8A2}
	EndGlobalSection
EndGlobal
