
Microsoft Visual Studio Solution File, Format Version 12.00
# Visual Studio 15
VisualStudioVersion = 15.0.27703.2000
MinimumVisualStudioVersion = 10.0.40219.1
Project("{FAE04EC0-301F-11D3-BF4B-00C04F79EFBC}") = "FindCities", "FindCities\FindCities.csproj", "{DBBDF1E7-33B1-4AB9-8BCD-4E02D94AA446}"
EndProject
Global
	GlobalSection(SolutionConfigurationPlatforms) = preSolution
		Debug|Any CPU = Debug|Any CPU
		Release|Any CPU = Release|Any CPU
	EndGlobalSection
	GlobalSection(ProjectConfigurationPlatforms) = postSolution
		{DBBDF1E7-33B1-4AB9-8BCD-4E02D94AA446}.Debug|Any CPU.ActiveCfg = Debug|Any CPU
		{DBBDF1E7-33B1-4AB9-8BCD-4E02D94AA446}.Debug|Any CPU.Build.0 = Debug|Any CPU
		{DBBDF1E7-33B1-4AB9-8BCD-4E02D94AA446}.Release|Any CPU.ActiveCfg = Release|Any CPU
		{DBBDF1E7-33B1-4AB9-8BCD-4E02D94AA446}.Release|Any CPU.Build.0 = Release|Any CPU
	EndGlobalSection
	GlobalSection(SolutionProperties) = preSolution
		HideSolutionNode = FALSE
	EndGlobalSection
	GlobalSection(ExtensibilityGlobals) = postSolution
		SolutionGuid = {1E699BD9-C8B6-46B3-A719-60634D9DE021}
	EndGlobalSection
EndGlobal
