
Microsoft Visual Studio Solution File, Format Version 12.00
# Visual Studio 15
VisualStudioVersion = 15.0.27703.2000
MinimumVisualStudioVersion = 10.0.40219.1
Project("{FAE04EC0-301F-11D3-BF4B-00C04F79EFBC}") = "Apples", "Apples\Apples.csproj", "{0D5F055C-DCCB-4CC1-B497-146FBEC125A8}"
EndProject
Project("{FAE04EC0-301F-11D3-BF4B-00C04F79EFBC}") = "TestEnvironment", "TestEnvironment\TestEnvironment.csproj", "{70C31C08-0463-4362-ABF6-92BD9999205B}"
EndProject
Global
	GlobalSection(SolutionConfigurationPlatforms) = preSolution
		Debug|Any CPU = Debug|Any CPU
		Release|Any CPU = Release|Any CPU
	EndGlobalSection
	GlobalSection(ProjectConfigurationPlatforms) = postSolution
		{0D5F055C-DCCB-4CC1-B497-146FBEC125A8}.Debug|Any CPU.ActiveCfg = Debug|Any CPU
		{0D5F055C-DCCB-4CC1-B497-146FBEC125A8}.Debug|Any CPU.Build.0 = Debug|Any CPU
		{0D5F055C-DCCB-4CC1-B497-146FBEC125A8}.Release|Any CPU.ActiveCfg = Release|Any CPU
		{0D5F055C-DCCB-4CC1-B497-146FBEC125A8}.Release|Any CPU.Build.0 = Release|Any CPU
		{70C31C08-0463-4362-ABF6-92BD9999205B}.Debug|Any CPU.ActiveCfg = Debug|Any CPU
		{70C31C08-0463-4362-ABF6-92BD9999205B}.Debug|Any CPU.Build.0 = Debug|Any CPU
		{70C31C08-0463-4362-ABF6-92BD9999205B}.Release|Any CPU.ActiveCfg = Release|Any CPU
		{70C31C08-0463-4362-ABF6-92BD9999205B}.Release|Any CPU.Build.0 = Release|Any CPU
	EndGlobalSection
	GlobalSection(SolutionProperties) = preSolution
		HideSolutionNode = FALSE
	EndGlobalSection
	GlobalSection(ExtensibilityGlobals) = postSolution
		SolutionGuid = {00EC5055-B5C0-49A7-BFAB-39A5FCC7CAB7}
	EndGlobalSection
EndGlobal
