
Microsoft Visual Studio Solution File, Format Version 12.00
# Visual Studio 15
VisualStudioVersion = 15.0.27703.2000
MinimumVisualStudioVersion = 10.0.40219.1
Project("{FAE04EC0-301F-11D3-BF4B-00C04F79EFBC}") = "Reddit", "Reddit\Reddit.csproj", "{6CDE81BE-25EE-4638-A05A-95F68EA9C209}"
EndProject
Global
	GlobalSection(SolutionConfigurationPlatforms) = preSolution
		Debug|Any CPU = Debug|Any CPU
		Release|Any CPU = Release|Any CPU
	EndGlobalSection
	GlobalSection(ProjectConfigurationPlatforms) = postSolution
		{6CDE81BE-25EE-4638-A05A-95F68EA9C209}.Debug|Any CPU.ActiveCfg = Debug|Any CPU
		{6CDE81BE-25EE-4638-A05A-95F68EA9C209}.Debug|Any CPU.Build.0 = Debug|Any CPU
		{6CDE81BE-25EE-4638-A05A-95F68EA9C209}.Release|Any CPU.ActiveCfg = Release|Any CPU
		{6CDE81BE-25EE-4638-A05A-95F68EA9C209}.Release|Any CPU.Build.0 = Release|Any CPU
	EndGlobalSection
	GlobalSection(SolutionProperties) = preSolution
		HideSolutionNode = FALSE
	EndGlobalSection
	GlobalSection(ExtensibilityGlobals) = postSolution
		SolutionGuid = {0DECF761-6397-4618-8C0D-23B37B511C86}
	EndGlobalSection
EndGlobal
