
Microsoft Visual Studio Solution File, Format Version 12.00
# Visual Studio 15
VisualStudioVersion = 15.0.27703.2000
MinimumVisualStudioVersion = 10.0.40219.1
Project("{FAE04EC0-301F-11D3-BF4B-00C04F79EFBC}") = "03-Sumdigit", "03-Sumdigit\03-Sumdigit.csproj", "{BE7F6F5B-2952-4F1C-8F2F-F0555AE1772A}"
EndProject
Global
	GlobalSection(SolutionConfigurationPlatforms) = preSolution
		Debug|Any CPU = Debug|Any CPU
		Release|Any CPU = Release|Any CPU
	EndGlobalSection
	GlobalSection(ProjectConfigurationPlatforms) = postSolution
		{BE7F6F5B-2952-4F1C-8F2F-F0555AE1772A}.Debug|Any CPU.ActiveCfg = Debug|Any CPU
		{BE7F6F5B-2952-4F1C-8F2F-F0555AE1772A}.Debug|Any CPU.Build.0 = Debug|Any CPU
		{BE7F6F5B-2952-4F1C-8F2F-F0555AE1772A}.Release|Any CPU.ActiveCfg = Release|Any CPU
		{BE7F6F5B-2952-4F1C-8F2F-F0555AE1772A}.Release|Any CPU.Build.0 = Release|Any CPU
	EndGlobalSection
	GlobalSection(SolutionProperties) = preSolution
		HideSolutionNode = FALSE
	EndGlobalSection
	GlobalSection(ExtensibilityGlobals) = postSolution
		SolutionGuid = {710BC8BD-ED6D-4582-A660-25BDDF70C137}
	EndGlobalSection
EndGlobal
