
Microsoft Visual Studio Solution File, Format Version 12.00
# Visual Studio 15
VisualStudioVersion = 15.0.27703.2000
MinimumVisualStudioVersion = 10.0.40219.1
Project("{FAE04EC0-301F-11D3-BF4B-00C04F79EFBC}") = "30 - DrawDiamond", "30 - DrawDiamond\30 - DrawDiamond.csproj", "{BB9AFA9D-F5DB-4382-96CA-71EC391D6E6A}"
EndProject
Global
	GlobalSection(SolutionConfigurationPlatforms) = preSolution
		Debug|Any CPU = Debug|Any CPU
		Release|Any CPU = Release|Any CPU
	EndGlobalSection
	GlobalSection(ProjectConfigurationPlatforms) = postSolution
		{BB9AFA9D-F5DB-4382-96CA-71EC391D6E6A}.Debug|Any CPU.ActiveCfg = Debug|Any CPU
		{BB9AFA9D-F5DB-4382-96CA-71EC391D6E6A}.Debug|Any CPU.Build.0 = Debug|Any CPU
		{BB9AFA9D-F5DB-4382-96CA-71EC391D6E6A}.Release|Any CPU.ActiveCfg = Release|Any CPU
		{BB9AFA9D-F5DB-4382-96CA-71EC391D6E6A}.Release|Any CPU.Build.0 = Release|Any CPU
	EndGlobalSection
	GlobalSection(SolutionProperties) = preSolution
		HideSolutionNode = FALSE
	EndGlobalSection
	GlobalSection(ExtensibilityGlobals) = postSolution
		SolutionGuid = {66FC13B3-E267-4324-96FA-43450C622F72}
	EndGlobalSection
EndGlobal
