
Microsoft Visual Studio Solution File, Format Version 12.00
# Visual Studio 15
VisualStudioVersion = 15.0.27703.2000
MinimumVisualStudioVersion = 10.0.40219.1
Project("{FAE04EC0-301F-11D3-BF4B-00C04F79EFBC}") = "07-FourRectangles", "07-FourRectangles\07-FourRectangles.csproj", "{7000A67F-9C74-4273-8675-295ED5B492DC}"
EndProject
Global
	GlobalSection(SolutionConfigurationPlatforms) = preSolution
		Debug|Any CPU = Debug|Any CPU
		Release|Any CPU = Release|Any CPU
	EndGlobalSection
	GlobalSection(ProjectConfigurationPlatforms) = postSolution
		{7000A67F-9C74-4273-8675-295ED5B492DC}.Debug|Any CPU.ActiveCfg = Debug|Any CPU
		{7000A67F-9C74-4273-8675-295ED5B492DC}.Debug|Any CPU.Build.0 = Debug|Any CPU
		{7000A67F-9C74-4273-8675-295ED5B492DC}.Release|Any CPU.ActiveCfg = Release|Any CPU
		{7000A67F-9C74-4273-8675-295ED5B492DC}.Release|Any CPU.Build.0 = Release|Any CPU
	EndGlobalSection
	GlobalSection(SolutionProperties) = preSolution
		HideSolutionNode = FALSE
	EndGlobalSection
	GlobalSection(ExtensibilityGlobals) = postSolution
		SolutionGuid = {ACB36768-8983-41A2-A682-DB5A8C452DAA}
	EndGlobalSection
EndGlobal
