
Microsoft Visual Studio Solution File, Format Version 12.00
# Visual Studio 15
VisualStudioVersion = 15.0.27703.2000
MinimumVisualStudioVersion = 10.0.40219.1
Project("{FAE04EC0-301F-11D3-BF4B-00C04F79EFBC}") = "04-GoToCenter", "04-GoToCenter\04-GoToCenter.csproj", "{B3EC302F-A99E-448B-9984-81ECF42584D7}"
EndProject
Global
	GlobalSection(SolutionConfigurationPlatforms) = preSolution
		Debug|Any CPU = Debug|Any CPU
		Release|Any CPU = Release|Any CPU
	EndGlobalSection
	GlobalSection(ProjectConfigurationPlatforms) = postSolution
		{B3EC302F-A99E-448B-9984-81ECF42584D7}.Debug|Any CPU.ActiveCfg = Debug|Any CPU
		{B3EC302F-A99E-448B-9984-81ECF42584D7}.Debug|Any CPU.Build.0 = Debug|Any CPU
		{B3EC302F-A99E-448B-9984-81ECF42584D7}.Release|Any CPU.ActiveCfg = Release|Any CPU
		{B3EC302F-A99E-448B-9984-81ECF42584D7}.Release|Any CPU.Build.0 = Release|Any CPU
	EndGlobalSection
	GlobalSection(SolutionProperties) = preSolution
		HideSolutionNode = FALSE
	EndGlobalSection
	GlobalSection(ExtensibilityGlobals) = postSolution
		SolutionGuid = {C3BB1F04-6708-423A-B62F-C3EC92C25F99}
	EndGlobalSection
EndGlobal
