
Microsoft Visual Studio Solution File, Format Version 12.00
# Visual Studio 15
VisualStudioVersion = 15.0.27703.2000
MinimumVisualStudioVersion = 10.0.40219.1
Project("{FAE04EC0-301F-11D3-BF4B-00C04F79EFBC}") = "08-StringVol2", "08-StringVol2\08-StringVol2.csproj", "{F9A8DD24-A230-4A2C-BFF0-16B7CE329BA9}"
EndProject
Global
	GlobalSection(SolutionConfigurationPlatforms) = preSolution
		Debug|Any CPU = Debug|Any CPU
		Release|Any CPU = Release|Any CPU
	EndGlobalSection
	GlobalSection(ProjectConfigurationPlatforms) = postSolution
		{F9A8DD24-A230-4A2C-BFF0-16B7CE329BA9}.Debug|Any CPU.ActiveCfg = Debug|Any CPU
		{F9A8DD24-A230-4A2C-BFF0-16B7CE329BA9}.Debug|Any CPU.Build.0 = Debug|Any CPU
		{F9A8DD24-A230-4A2C-BFF0-16B7CE329BA9}.Release|Any CPU.ActiveCfg = Release|Any CPU
		{F9A8DD24-A230-4A2C-BFF0-16B7CE329BA9}.Release|Any CPU.Build.0 = Release|Any CPU
	EndGlobalSection
	GlobalSection(SolutionProperties) = preSolution
		HideSolutionNode = FALSE
	EndGlobalSection
	GlobalSection(ExtensibilityGlobals) = postSolution
		SolutionGuid = {CC746D09-C13B-4F30-B279-23AE5CC6367F}
	EndGlobalSection
EndGlobal
