
Microsoft Visual Studio Solution File, Format Version 12.00
# Visual Studio 15
VisualStudioVersion = 15.0.27703.2000
MinimumVisualStudioVersion = 10.0.40219.1
Project("{FAE04EC0-301F-11D3-BF4B-00C04F79EFBC}") = "11-FirstFractal", "11-FirstFractal\11-FirstFractal.csproj", "{66BA4255-39FE-4085-AF83-1420AACF84EC}"
EndProject
Global
	GlobalSection(SolutionConfigurationPlatforms) = preSolution
		Debug|Any CPU = Debug|Any CPU
		Release|Any CPU = Release|Any CPU
	EndGlobalSection
	GlobalSection(ProjectConfigurationPlatforms) = postSolution
		{66BA4255-39FE-4085-AF83-1420AACF84EC}.Debug|Any CPU.ActiveCfg = Debug|Any CPU
		{66BA4255-39FE-4085-AF83-1420AACF84EC}.Debug|Any CPU.Build.0 = Debug|Any CPU
		{66BA4255-39FE-4085-AF83-1420AACF84EC}.Release|Any CPU.ActiveCfg = Release|Any CPU
		{66BA4255-39FE-4085-AF83-1420AACF84EC}.Release|Any CPU.Build.0 = Release|Any CPU
	EndGlobalSection
	GlobalSection(SolutionProperties) = preSolution
		HideSolutionNode = FALSE
	EndGlobalSection
	GlobalSection(ExtensibilityGlobals) = postSolution
		SolutionGuid = {C7CA31CB-4592-41F1-B4D5-6CE06CD28AA8}
	EndGlobalSection
EndGlobal
