
Microsoft Visual Studio Solution File, Format Version 12.00
# Visual Studio 15
VisualStudioVersion = 15.0.27703.2000
MinimumVisualStudioVersion = 10.0.40219.1
Project("{FAE04EC0-301F-11D3-BF4B-00C04F79EFBC}") = "35 - DrawChessTable", "35 - DrawChessTable\35 - DrawChessTable.csproj", "{0DC47779-7E28-4EE1-8110-46E59139DCC2}"
EndProject
Global
	GlobalSection(SolutionConfigurationPlatforms) = preSolution
		Debug|Any CPU = Debug|Any CPU
		Release|Any CPU = Release|Any CPU
	EndGlobalSection
	GlobalSection(ProjectConfigurationPlatforms) = postSolution
		{0DC47779-7E28-4EE1-8110-46E59139DCC2}.Debug|Any CPU.ActiveCfg = Debug|Any CPU
		{0DC47779-7E28-4EE1-8110-46E59139DCC2}.Debug|Any CPU.Build.0 = Debug|Any CPU
		{0DC47779-7E28-4EE1-8110-46E59139DCC2}.Release|Any CPU.ActiveCfg = Release|Any CPU
		{0DC47779-7E28-4EE1-8110-46E59139DCC2}.Release|Any CPU.Build.0 = Release|Any CPU
	EndGlobalSection
	GlobalSection(SolutionProperties) = preSolution
		HideSolutionNode = FALSE
	EndGlobalSection
	GlobalSection(ExtensibilityGlobals) = postSolution
		SolutionGuid = {D90F0994-D434-4837-99E9-CA8438602E93}
	EndGlobalSection
EndGlobal
