
Microsoft Visual Studio Solution File, Format Version 12.00
# Visual Studio 15
VisualStudioVersion = 15.0.27703.2000
MinimumVisualStudioVersion = 10.0.40219.1
Project("{FAE04EC0-301F-11D3-BF4B-00C04F79EFBC}") = "PositiveSquare", "PositiveSquare\PositiveSquare.csproj", "{AC08C03D-205E-4FAD-BA76-63D1B6E48E5D}"
EndProject
Global
	GlobalSection(SolutionConfigurationPlatforms) = preSolution
		Debug|Any CPU = Debug|Any CPU
		Release|Any CPU = Release|Any CPU
	EndGlobalSection
	GlobalSection(ProjectConfigurationPlatforms) = postSolution
		{AC08C03D-205E-4FAD-BA76-63D1B6E48E5D}.Debug|Any CPU.ActiveCfg = Debug|Any CPU
		{AC08C03D-205E-4FAD-BA76-63D1B6E48E5D}.Debug|Any CPU.Build.0 = Debug|Any CPU
		{AC08C03D-205E-4FAD-BA76-63D1B6E48E5D}.Release|Any CPU.ActiveCfg = Release|Any CPU
		{AC08C03D-205E-4FAD-BA76-63D1B6E48E5D}.Release|Any CPU.Build.0 = Release|Any CPU
	EndGlobalSection
	GlobalSection(SolutionProperties) = preSolution
		HideSolutionNode = FALSE
	EndGlobalSection
	GlobalSection(ExtensibilityGlobals) = postSolution
		SolutionGuid = {0E08777F-82D8-41A3-BA0C-EB59FE7AABB9}
	EndGlobalSection
EndGlobal
