
Microsoft Visual Studio Solution File, Format Version 12.00
# Visual Studio 15
VisualStudioVersion = 15.0.27703.2000
MinimumVisualStudioVersion = 10.0.40219.1
Project("{FAE04EC0-301F-11D3-BF4B-00C04F79EFBC}") = "OddAverage", "OddAverage\OddAverage.csproj", "{40920BE5-5660-4A4F-B1D3-561A5C9F665E}"
EndProject
Global
	GlobalSection(SolutionConfigurationPlatforms) = preSolution
		Debug|Any CPU = Debug|Any CPU
		Release|Any CPU = Release|Any CPU
	EndGlobalSection
	GlobalSection(ProjectConfigurationPlatforms) = postSolution
		{40920BE5-5660-4A4F-B1D3-561A5C9F665E}.Debug|Any CPU.ActiveCfg = Debug|Any CPU
		{40920BE5-5660-4A4F-B1D3-561A5C9F665E}.Debug|Any CPU.Build.0 = Debug|Any CPU
		{40920BE5-5660-4A4F-B1D3-561A5C9F665E}.Release|Any CPU.ActiveCfg = Release|Any CPU
		{40920BE5-5660-4A4F-B1D3-561A5C9F665E}.Release|Any CPU.Build.0 = Release|Any CPU
	EndGlobalSection
	GlobalSection(SolutionProperties) = preSolution
		HideSolutionNode = FALSE
	EndGlobalSection
	GlobalSection(ExtensibilityGlobals) = postSolution
		SolutionGuid = {631A0179-A8CA-42AF-AC95-5403661E9B25}
	EndGlobalSection
EndGlobal
