
Microsoft Visual Studio Solution File, Format Version 12.00
# Visual Studio 15
VisualStudioVersion = 15.0.27703.2000
MinimumVisualStudioVersion = 10.0.40219.1
Project("{FAE04EC0-301F-11D3-BF4B-00C04F79EFBC}") = "PrintBigger", "PrintBigger\PrintBigger.csproj", "{FE8A40AF-9BF3-4AAA-A6F6-4DA8CE49205E}"
EndProject
Global
	GlobalSection(SolutionConfigurationPlatforms) = preSolution
		Debug|Any CPU = Debug|Any CPU
		Release|Any CPU = Release|Any CPU
	EndGlobalSection
	GlobalSection(ProjectConfigurationPlatforms) = postSolution
		{FE8A40AF-9BF3-4AAA-A6F6-4DA8CE49205E}.Debug|Any CPU.ActiveCfg = Debug|Any CPU
		{FE8A40AF-9BF3-4AAA-A6F6-4DA8CE49205E}.Debug|Any CPU.Build.0 = Debug|Any CPU
		{FE8A40AF-9BF3-4AAA-A6F6-4DA8CE49205E}.Release|Any CPU.ActiveCfg = Release|Any CPU
		{FE8A40AF-9BF3-4AAA-A6F6-4DA8CE49205E}.Release|Any CPU.Build.0 = Release|Any CPU
	EndGlobalSection
	GlobalSection(SolutionProperties) = preSolution
		HideSolutionNode = FALSE
	EndGlobalSection
	GlobalSection(ExtensibilityGlobals) = postSolution
		SolutionGuid = {312C5EF4-1BD7-450F-A812-74177CA13B66}
	EndGlobalSection
EndGlobal
