
Microsoft Visual Studio Solution File, Format Version 12.00
# Visual Studio 15
VisualStudioVersion = 15.0.27703.2000
MinimumVisualStudioVersion = 10.0.40219.1
Project("{FAE04EC0-301F-11D3-BF4B-00C04F79EFBC}") = "UrlFixer", "UrlFixer\UrlFixer.csproj", "{C59EC301-4B8D-497D-A805-4B9B1526CECB}"
EndProject
Global
	GlobalSection(SolutionConfigurationPlatforms) = preSolution
		Debug|Any CPU = Debug|Any CPU
		Release|Any CPU = Release|Any CPU
	EndGlobalSection
	GlobalSection(ProjectConfigurationPlatforms) = postSolution
		{C59EC301-4B8D-497D-A805-4B9B1526CECB}.Debug|Any CPU.ActiveCfg = Debug|Any CPU
		{C59EC301-4B8D-497D-A805-4B9B1526CECB}.Debug|Any CPU.Build.0 = Debug|Any CPU
		{C59EC301-4B8D-497D-A805-4B9B1526CECB}.Release|Any CPU.ActiveCfg = Release|Any CPU
		{C59EC301-4B8D-497D-A805-4B9B1526CECB}.Release|Any CPU.Build.0 = Release|Any CPU
	EndGlobalSection
	GlobalSection(SolutionProperties) = preSolution
		HideSolutionNode = FALSE
	EndGlobalSection
	GlobalSection(ExtensibilityGlobals) = postSolution
		SolutionGuid = {156ED7BD-1F1F-4BE1-8048-90AB0C6A4846}
	EndGlobalSection
EndGlobal
