
Microsoft Visual Studio Solution File, Format Version 12.00
# Visual Studio 15
VisualStudioVersion = 15.0.27703.2000
MinimumVisualStudioVersion = 10.0.40219.1
Project("{FAE04EC0-301F-11D3-BF4B-00C04F79EFBC}") = "IsInList", "IsInList\IsInList.csproj", "{350A237A-5D3B-4782-874A-BFF927673E32}"
EndProject
Global
	GlobalSection(SolutionConfigurationPlatforms) = preSolution
		Debug|Any CPU = Debug|Any CPU
		Release|Any CPU = Release|Any CPU
	EndGlobalSection
	GlobalSection(ProjectConfigurationPlatforms) = postSolution
		{350A237A-5D3B-4782-874A-BFF927673E32}.Debug|Any CPU.ActiveCfg = Debug|Any CPU
		{350A237A-5D3B-4782-874A-BFF927673E32}.Debug|Any CPU.Build.0 = Debug|Any CPU
		{350A237A-5D3B-4782-874A-BFF927673E32}.Release|Any CPU.ActiveCfg = Release|Any CPU
		{350A237A-5D3B-4782-874A-BFF927673E32}.Release|Any CPU.Build.0 = Release|Any CPU
	EndGlobalSection
	GlobalSection(SolutionProperties) = preSolution
		HideSolutionNode = FALSE
	EndGlobalSection
	GlobalSection(ExtensibilityGlobals) = postSolution
		SolutionGuid = {A329EC1F-D1FC-4202-89B2-F3228F4D4578}
	EndGlobalSection
EndGlobal
