
Microsoft Visual Studio Solution File, Format Version 12.00
# Visual Studio 15
VisualStudioVersion = 15.0.27703.2000
MinimumVisualStudioVersion = 10.0.40219.1
Project("{FAE04EC0-301F-11D3-BF4B-00C04F79EFBC}") = "IAmGroot", "IAmGroot\IAmGroot.csproj", "{8EC0F4AC-0B0B-424B-B6B6-36F486AB1B99}"
EndProject
Project("{FAE04EC0-301F-11D3-BF4B-00C04F79EFBC}") = "IAmGrootTest", "IAmGrootTest\IAmGrootTest.csproj", "{9890910D-DF34-4D64-83A0-19FDF4596930}"
EndProject
Global
	GlobalSection(SolutionConfigurationPlatforms) = preSolution
		Debug|Any CPU = Debug|Any CPU
		Release|Any CPU = Release|Any CPU
	EndGlobalSection
	GlobalSection(ProjectConfigurationPlatforms) = postSolution
		{8EC0F4AC-0B0B-424B-B6B6-36F486AB1B99}.Debug|Any CPU.ActiveCfg = Debug|Any CPU
		{8EC0F4AC-0B0B-424B-B6B6-36F486AB1B99}.Debug|Any CPU.Build.0 = Debug|Any CPU
		{8EC0F4AC-0B0B-424B-B6B6-36F486AB1B99}.Release|Any CPU.ActiveCfg = Release|Any CPU
		{8EC0F4AC-0B0B-424B-B6B6-36F486AB1B99}.Release|Any CPU.Build.0 = Release|Any CPU
		{9890910D-DF34-4D64-83A0-19FDF4596930}.Debug|Any CPU.ActiveCfg = Debug|Any CPU
		{9890910D-DF34-4D64-83A0-19FDF4596930}.Debug|Any CPU.Build.0 = Debug|Any CPU
		{9890910D-DF34-4D64-83A0-19FDF4596930}.Release|Any CPU.ActiveCfg = Release|Any CPU
		{9890910D-DF34-4D64-83A0-19FDF4596930}.Release|Any CPU.Build.0 = Release|Any CPU
	EndGlobalSection
	GlobalSection(SolutionProperties) = preSolution
		HideSolutionNode = FALSE
	EndGlobalSection
	GlobalSection(ExtensibilityGlobals) = postSolution
		SolutionGuid = {5A1F8C48-8323-47EA-9C53-17A0CCD6D4BD}
	EndGlobalSection
EndGlobal
