
Microsoft Visual Studio Solution File, Format Version 12.00
# Visual Studio 15
VisualStudioVersion = 15.0.27703.2000
MinimumVisualStudioVersion = 10.0.40219.1
Project("{FAE04EC0-301F-11D3-BF4B-00C04F79EFBC}") = "02-NumberAdder", "02-NumberAdder\02-NumberAdder.csproj", "{D831F7CC-B4A3-43BD-8FBC-469E7965E902}"
EndProject
Global
	GlobalSection(SolutionConfigurationPlatforms) = preSolution
		Debug|Any CPU = Debug|Any CPU
		Release|Any CPU = Release|Any CPU
	EndGlobalSection
	GlobalSection(ProjectConfigurationPlatforms) = postSolution
		{D831F7CC-B4A3-43BD-8FBC-469E7965E902}.Debug|Any CPU.ActiveCfg = Debug|Any CPU
		{D831F7CC-B4A3-43BD-8FBC-469E7965E902}.Debug|Any CPU.Build.0 = Debug|Any CPU
		{D831F7CC-B4A3-43BD-8FBC-469E7965E902}.Release|Any CPU.ActiveCfg = Release|Any CPU
		{D831F7CC-B4A3-43BD-8FBC-469E7965E902}.Release|Any CPU.Build.0 = Release|Any CPU
	EndGlobalSection
	GlobalSection(SolutionProperties) = preSolution
		HideSolutionNode = FALSE
	EndGlobalSection
	GlobalSection(ExtensibilityGlobals) = postSolution
		SolutionGuid = {90A732ED-2A43-449D-8098-61129898284D}
	EndGlobalSection
EndGlobal
