
Microsoft Visual Studio Solution File, Format Version 12.00
# Visual Studio 15
VisualStudioVersion = 15.0.27703.2000
MinimumVisualStudioVersion = 10.0.40219.1
Project("{FAE04EC0-301F-11D3-BF4B-00C04F79EFBC}") = "Triangles", "Triangles\Triangles.csproj", "{B1F07540-FF9B-467C-AC08-318FD682D9B8}"
EndProject
Global
	GlobalSection(SolutionConfigurationPlatforms) = preSolution
		Debug|Any CPU = Debug|Any CPU
		Release|Any CPU = Release|Any CPU
	EndGlobalSection
	GlobalSection(ProjectConfigurationPlatforms) = postSolution
		{B1F07540-FF9B-467C-AC08-318FD682D9B8}.Debug|Any CPU.ActiveCfg = Debug|Any CPU
		{B1F07540-FF9B-467C-AC08-318FD682D9B8}.Debug|Any CPU.Build.0 = Debug|Any CPU
		{B1F07540-FF9B-467C-AC08-318FD682D9B8}.Release|Any CPU.ActiveCfg = Release|Any CPU
		{B1F07540-FF9B-467C-AC08-318FD682D9B8}.Release|Any CPU.Build.0 = Release|Any CPU
	EndGlobalSection
	GlobalSection(SolutionProperties) = preSolution
		HideSolutionNode = FALSE
	EndGlobalSection
	GlobalSection(ExtensibilityGlobals) = postSolution
		SolutionGuid = {D78320AE-8EC1-4AF6-A9F9-902420E8AAB1}
	EndGlobalSection
EndGlobal
