
Microsoft Visual Studio Solution File, Format Version 12.00
# Visual Studio 15
VisualStudioVersion = 15.0.27703.2000
MinimumVisualStudioVersion = 10.0.40219.1
Project("{FAE04EC0-301F-11D3-BF4B-00C04F79EFBC}") = "MarkCA", "MarkCA\MarkCA.csproj", "{48CBC194-97C8-4529-BE0A-CEDAF1D4D37A}"
EndProject
Global
	GlobalSection(SolutionConfigurationPlatforms) = preSolution
		Debug|Any CPU = Debug|Any CPU
		Release|Any CPU = Release|Any CPU
	EndGlobalSection
	GlobalSection(ProjectConfigurationPlatforms) = postSolution
		{48CBC194-97C8-4529-BE0A-CEDAF1D4D37A}.Debug|Any CPU.ActiveCfg = Debug|Any CPU
		{48CBC194-97C8-4529-BE0A-CEDAF1D4D37A}.Debug|Any CPU.Build.0 = Debug|Any CPU
		{48CBC194-97C8-4529-BE0A-CEDAF1D4D37A}.Release|Any CPU.ActiveCfg = Release|Any CPU
		{48CBC194-97C8-4529-BE0A-CEDAF1D4D37A}.Release|Any CPU.Build.0 = Release|Any CPU
	EndGlobalSection
	GlobalSection(SolutionProperties) = preSolution
		HideSolutionNode = FALSE
	EndGlobalSection
	GlobalSection(ExtensibilityGlobals) = postSolution
		SolutionGuid = {41F3CA29-C9A3-45FE-AAEE-A3E95874695C}
	EndGlobalSection
EndGlobal
