
Microsoft Visual Studio Solution File, Format Version 12.00
# Visual Studio 15
VisualStudioVersion = 15.0.27703.2000
MinimumVisualStudioVersion = 10.0.40219.1
Project("{FAE04EC0-301F-11D3-BF4B-00C04F79EFBC}") = "08-FuelStation", "08-FuelStation\08-FuelStation.csproj", "{DC81CA2E-94D0-459F-AB40-A47028FBFF9D}"
EndProject
Global
	GlobalSection(SolutionConfigurationPlatforms) = preSolution
		Debug|Any CPU = Debug|Any CPU
		Release|Any CPU = Release|Any CPU
	EndGlobalSection
	GlobalSection(ProjectConfigurationPlatforms) = postSolution
		{DC81CA2E-94D0-459F-AB40-A47028FBFF9D}.Debug|Any CPU.ActiveCfg = Debug|Any CPU
		{DC81CA2E-94D0-459F-AB40-A47028FBFF9D}.Debug|Any CPU.Build.0 = Debug|Any CPU
		{DC81CA2E-94D0-459F-AB40-A47028FBFF9D}.Release|Any CPU.ActiveCfg = Release|Any CPU
		{DC81CA2E-94D0-459F-AB40-A47028FBFF9D}.Release|Any CPU.Build.0 = Release|Any CPU
	EndGlobalSection
	GlobalSection(SolutionProperties) = preSolution
		HideSolutionNode = FALSE
	EndGlobalSection
	GlobalSection(ExtensibilityGlobals) = postSolution
		SolutionGuid = {4D82425A-20BF-47FB-9A83-43842439D4F6}
	EndGlobalSection
EndGlobal
