
Microsoft Visual Studio Solution File, Format Version 12.00
# Visual Studio 15
VisualStudioVersion = 15.0.27703.2000
MinimumVisualStudioVersion = 10.0.40219.1
Project("{FAE04EC0-301F-11D3-BF4B-00C04F79EFBC}") = "CompareLength", "CompareLength\CompareLength.csproj", "{B474BC81-9E4D-4896-B497-0A3075D33DFA}"
EndProject
Global
	GlobalSection(SolutionConfigurationPlatforms) = preSolution
		Debug|Any CPU = Debug|Any CPU
		Release|Any CPU = Release|Any CPU
	EndGlobalSection
	GlobalSection(ProjectConfigurationPlatforms) = postSolution
		{B474BC81-9E4D-4896-B497-0A3075D33DFA}.Debug|Any CPU.ActiveCfg = Debug|Any CPU
		{B474BC81-9E4D-4896-B497-0A3075D33DFA}.Debug|Any CPU.Build.0 = Debug|Any CPU
		{B474BC81-9E4D-4896-B497-0A3075D33DFA}.Release|Any CPU.ActiveCfg = Release|Any CPU
		{B474BC81-9E4D-4896-B497-0A3075D33DFA}.Release|Any CPU.Build.0 = Release|Any CPU
	EndGlobalSection
	GlobalSection(SolutionProperties) = preSolution
		HideSolutionNode = FALSE
	EndGlobalSection
	GlobalSection(ExtensibilityGlobals) = postSolution
		SolutionGuid = {7B645F86-6742-45A3-BAF4-0BAA97860711}
	EndGlobalSection
EndGlobal
